{
  "name": "11ty-by-example",
  "lockfileVersion": 2,
  "requires": true,
  "packages": {
    "": {
      "dependencies": {
        "eleventy-plugin-podcast-tools": "^0.0.3"
      }
    },
    "node_modules/@tokenizer/token": {
      "version": "0.1.1",
      "resolved": "https://registry.npmjs.org/@tokenizer/token/-/token-0.1.1.tgz",
      "integrity": "sha512-XO6INPbZCxdprl+9qa/AAbFFOMzzwqYxpjPgLICrMD6C2FCw6qfJOPcBk6JqqPLSaZ/Qx87qn4rpPmPMwaAK6w=="
    },
    "node_modules/content-type": {
      "version": "1.0.4",
      "resolved": "https://registry.npmjs.org/content-type/-/content-type-1.0.4.tgz",
      "integrity": "sha512-hIP3EEPs8tB9AT1L+NUqtwOAps4mk2Zob89MWXMHjHWg9milF/j4osnnQLXBCBFBk/tvIG/tUc9mOUJiPBhPXA==",
      "engines": {
        "node": ">= 0.6"
      }
    },
    "node_modules/debug": {
      "version": "4.3.4",
      "resolved": "https://registry.npmjs.org/debug/-/debug-4.3.4.tgz",
      "integrity": "sha512-PRWFHuSU3eDtQJPvnNY7Jcket1j0t5OuOsFzPPzsekD52Zl8qUfFIPEiswXqIvHWGVHOgX+7G/vCNNhehwxfkQ==",
      "dependencies": {
        "ms": "2.1.2"
      },
      "engines": {
        "node": ">=6.0"
      },
      "peerDependenciesMeta": {
        "supports-color": {
          "optional": true
        }
      }
    },
    "node_modules/eleventy-plugin-podcast-tools": {
      "version": "0.0.3",
      "resolved": "https://registry.npmjs.org/eleventy-plugin-podcast-tools/-/eleventy-plugin-podcast-tools-0.0.3.tgz",
      "integrity": "sha512-A53f6HfPB3TozwTOdlHLYdWurtgezRyRfYG/5LFsu8/MxUWHRNkPxHzzb7BMDX8pDF0dHzF+2QMoH3agJMobww==",
      "dependencies": {
        "music-metadata": "^5.2.0"
      }
    },
    "node_modules/file-type": {
      "version": "12.4.2",
      "resolved": "https://registry.npmjs.org/file-type/-/file-type-12.4.2.tgz",
      "integrity": "sha512-UssQP5ZgIOKelfsaB5CuGAL+Y+q7EmONuiwF3N5HAH0t27rvrttgi6Ra9k/+DVaY9UF6+ybxu5pOXLUdA8N7Vg==",
      "engines": {
        "node": ">=8"
      }
    },
    "node_modules/ieee754": {
      "version": "1.2.1",
      "resolved": "https://registry.npmjs.org/ieee754/-/ieee754-1.2.1.tgz",
      "integrity": "sha512-dcyqhDvX1C46lXZcVqCpK+FtMRQVdIMN6/Df5js2zouUsqG7I6sFxitIC+7KYK29KdXOLHdu9zL4sFnoVQnqaA==",
      "funding": [
        {
          "type": "github",
          "url": "https://github.com/sponsors/feross"
        },
        {
          "type": "patreon",
          "url": "https://www.patreon.com/feross"
        },
        {
          "type": "consulting",
          "url": "https://feross.org/support"
        }
      ]
    },
    "node_modules/media-typer": {
      "version": "1.1.0",
      "resolved": "https://registry.npmjs.org/media-typer/-/media-typer-1.1.0.tgz",
      "integrity": "sha512-aisnrDP4GNe06UcKFnV5bfMNPBUw4jsLGaWwWfnH3v02GnBuXX2MCVn5RbrWo0j3pczUilYblq7fQ7Nw2t5XKw==",
      "engines": {
        "node": ">= 0.8"
      }
    },
    "node_modules/ms": {
      "version": "2.1.2",
      "resolved": "https://registry.npmjs.org/ms/-/ms-2.1.2.tgz",
      "integrity": "sha512-sGkPx+VjMtmA6MX27oA4FBFELFCZZ4S4XqeGOXCv68tT+jb3vk/RyaKWP0PTKyWtmLSM0b+adUTEvbs1PEaH2w=="
    },
    "node_modules/music-metadata": {
      "version": "5.4.3",
      "resolved": "https://registry.npmjs.org/music-metadata/-/music-metadata-5.4.3.tgz",
      "integrity": "sha512-jGEfhqgfs3omD9sqaQg9ZzYXxsYYqv9wxMWz40WTNtm9cY7NE9TX+y+cL/JCs2Bs3+rj5xokOn6ZddpVvGsVFg==",
      "dependencies": {
        "content-type": "^1.0.4",
        "debug": "^4.1.0",
        "file-type": "^12.4.2",
        "media-typer": "^1.1.0",
        "strtok3": "^4.1.1",
        "token-types": "^2.0.0"
      },
      "engines": {
        "node": ">=8"
      }
    },
    "node_modules/strtok3": {
      "version": "4.1.1",
      "resolved": "https://registry.npmjs.org/strtok3/-/strtok3-4.1.1.tgz",
      "integrity": "sha512-7nfDPVwCrx35LVYqEZPfrNJuoqlgOcsW2PIcru4/IbYXjtI17WtdZLtRJtpwR1Mj/alJ01FY57NsX4Gwl/ntTg==",
      "dependencies": {
        "@tokenizer/token": "^0.1.0",
        "debug": "^4.1.1",
        "then-read-stream": "^3.0.0"
      },
      "engines": {
        "node": ">=6"
      }
    },
    "node_modules/then-read-stream": {
      "version": "3.0.1",
      "resolved": "https://registry.npmjs.org/then-read-stream/-/then-read-stream-3.0.1.tgz",
      "integrity": "sha512-jpRkE7xmmOAJ09yHHvcm6i1Yl1vc71VZSG6gpXXw3SI3WlOQDzHuxgbzxRPr/n99umXVKMsxKds2mmc4DSldhQ==",
      "deprecated": "Package renamed to peak-readable.",
      "engines": {
        "node": ">=8"
      }
    },
    "node_modules/token-types": {
      "version": "2.1.1",
      "resolved": "https://registry.npmjs.org/token-types/-/token-types-2.1.1.tgz",
      "integrity": "sha512-wnQcqlreS6VjthyHO3Y/kpK/emflxDBNhlNUPfh7wE39KnuDdOituXomIbyI79vBtF0Ninpkh72mcuRHo+RG3Q==",
      "dependencies": {
        "@tokenizer/token": "^0.1.1",
        "ieee754": "^1.2.1"
      },
      "engines": {
        "node": ">=0.1.98"
      },
      "funding": {
        "type": "github",
        "url": "https://github.com/sponsors/Borewit"
      }
    }
  },
  "dependencies": {
    "@tokenizer/token": {
      "version": "0.1.1",
      "resolved": "https://registry.npmjs.org/@tokenizer/token/-/token-0.1.1.tgz",
      "integrity": "sha512-XO6INPbZCxdprl+9qa/AAbFFOMzzwqYxpjPgLICrMD6C2FCw6qfJOPcBk6JqqPLSaZ/Qx87qn4rpPmPMwaAK6w=="
    },
    "content-type": {
      "version": "1.0.4",
      "resolved": "https://registry.npmjs.org/content-type/-/content-type-1.0.4.tgz",
      "integrity": "sha512-hIP3EEPs8tB9AT1L+NUqtwOAps4mk2Zob89MWXMHjHWg9milF/j4osnnQLXBCBFBk/tvIG/tUc9mOUJiPBhPXA=="
    },
    "debug": {
      "version": "4.3.4",
      "resolved": "https://registry.npmjs.org/debug/-/debug-4.3.4.tgz",
      "integrity": "sha512-PRWFHuSU3eDtQJPvnNY7Jcket1j0t5OuOsFzPPzsekD52Zl8qUfFIPEiswXqIvHWGVHOgX+7G/vCNNhehwxfkQ==",
      "requires": {
        "ms": "2.1.2"
      }
    },
    "eleventy-plugin-podcast-tools": {
      "version": "0.0.3",
      "resolved": "https://registry.npmjs.org/eleventy-plugin-podcast-tools/-/eleventy-plugin-podcast-tools-0.0.3.tgz",
      "integrity": "sha512-A53f6HfPB3TozwTOdlHLYdWurtgezRyRfYG/5LFsu8/MxUWHRNkPxHzzb7BMDX8pDF0dHzF+2QMoH3agJMobww==",
      "requires": {
        "music-metadata": "^5.2.0"
      }
    },
    "file-type": {
      "version": "12.4.2",
      "resolved": "https://registry.npmjs.org/file-type/-/file-type-12.4.2.tgz",
      "integrity": "sha512-UssQP5ZgIOKelfsaB5CuGAL+Y+q7EmONuiwF3N5HAH0t27rvrttgi6Ra9k/+DVaY9UF6+ybxu5pOXLUdA8N7Vg=="
    },
    "ieee754": {
      "version": "1.2.1",
      "resolved": "https://registry.npmjs.org/ieee754/-/ieee754-1.2.1.tgz",
      "integrity": "sha512-dcyqhDvX1C46lXZcVqCpK+FtMRQVdIMN6/Df5js2zouUsqG7I6sFxitIC+7KYK29KdXOLHdu9zL4sFnoVQnqaA=="
    },
    "media-typer": {
      "version": "1.1.0",
      "resolved": "https://registry.npmjs.org/media-typer/-/media-typer-1.1.0.tgz",
      "integrity": "sha512-aisnrDP4GNe06UcKFnV5bfMNPBUw4jsLGaWwWfnH3v02GnBuXX2MCVn5RbrWo0j3pczUilYblq7fQ7Nw2t5XKw=="
    },
    "ms": {
      "version": "2.1.2",
      "resolved": "https://registry.npmjs.org/ms/-/ms-2.1.2.tgz",
      "integrity": "sha512-sGkPx+VjMtmA6MX27oA4FBFELFCZZ4S4XqeGOXCv68tT+jb3vk/RyaKWP0PTKyWtmLSM0b+adUTEvbs1PEaH2w=="
    },
    "music-metadata": {
      "version": "5.4.3",
      "resolved": "https://registry.npmjs.org/music-metadata/-/music-metadata-5.4.3.tgz",
      "integrity": "sha512-jGEfhqgfs3omD9sqaQg9ZzYXxsYYqv9wxMWz40WTNtm9cY7NE9TX+y+cL/JCs2Bs3+rj5xokOn6ZddpVvGsVFg==",
      "requires": {
        "content-type": "^1.0.4",
        "debug": "^4.1.0",
        "file-type": "^12.4.2",
        "media-typer": "^1.1.0",
        "strtok3": "^4.1.1",
        "token-types": "^2.0.0"
      }
    },
    "strtok3": {
      "version": "4.1.1",
      "resolved": "https://registry.npmjs.org/strtok3/-/strtok3-4.1.1.tgz",
      "integrity": "sha512-7nfDPVwCrx35LVYqEZPfrNJuoqlgOcsW2PIcru4/IbYXjtI17WtdZLtRJtpwR1Mj/alJ01FY57NsX4Gwl/ntTg==",
      "requires": {
        "@tokenizer/token": "^0.1.0",
        "debug": "^4.1.1",
        "then-read-stream": "^3.0.0"
      }
    },
    "then-read-stream": {
      "version": "3.0.1",
      "resolved": "https://registry.npmjs.org/then-read-stream/-/then-read-stream-3.0.1.tgz",
      "integrity": "sha512-jpRkE7xmmOAJ09yHHvcm6i1Yl1vc71VZSG6gpXXw3SI3WlOQDzHuxgbzxRPr/n99umXVKMsxKds2mmc4DSldhQ=="
    },
    "token-types": {
      "version": "2.1.1",
      "resolved": "https://registry.npmjs.org/token-types/-/token-types-2.1.1.tgz",
      "integrity": "sha512-wnQcqlreS6VjthyHO3Y/kpK/emflxDBNhlNUPfh7wE39KnuDdOituXomIbyI79vBtF0Ninpkh72mcuRHo+RG3Q==",
      "requires": {
        "@tokenizer/token": "^0.1.1",
        "ieee754": "^1.2.1"
      }
    }
  }
}
